// !$*UTF8*$!
{
	archiveVersion = 1;
	classes = {
	};
	objectVersion = 46;
	objects = {

/* Begin PBXBuildFile section */
		154C8DDF1E8A6ABF0076C836 /* main.m in Sources */ = {isa = PBXBuildFile; fileRef = 154C8DDE1E8A6ABF0076C836 /* main.m */; };
		154C8F8E1E8A80290076C836 /* Person.m in Sources */ = {isa = PBXBuildFile; fileRef = 154C8F8D1E8A80290076C836 /* Person.m */; };
/* End PBXBuildFile section */

/* Begin PBXContainerItemProxy section */
		154C8F9C1E8A858F0076C836 /* PBXContainerItemProxy */ = {
			isa = PBXContainerItemProxy;
			containerPortal = 154C8F961E8A858F0076C836 /* objc.xcodeproj */;
			proxyType = 2;
			remoteGlobalIDString = D2AAC0630554660B00DB518D;
			remoteInfo = objc;
		};
		154C8F9E1E8A858F0076C836 /* PBXContainerItemProxy */ = {
			isa = PBXContainerItemProxy;
			containerPortal = 154C8F961E8A858F0076C836 /* objc.xcodeproj */;
			proxyType = 2;
			remoteGlobalIDString = 5E1E1CFA1E374D1B005091E2;
			remoteInfo = "debug-objc";
		};
		154C8FA11E8A85D50076C836 /* PBXContainerItemProxy */ = {
			isa = PBXContainerItemProxy;
			containerPortal = 154C8F961E8A858F0076C836 /* objc.xcodeproj */;
			proxyType = 1;
			remoteGlobalIDString = D2AAC0620554660B00DB518D;
			remoteInfo = objc;
		};
/* End PBXContainerItemProxy section */

/* Begin PBXCopyFilesBuildPhase section */
		154C8DD91E8A6ABF0076C836 /* CopyFiles */ = {
			isa = PBXCopyFilesBuildPhase;
			buildActionMask = 2147483647;
			dstPath = /usr/share/man/man1/;
			dstSubfolderSpec = 0;
			files = (
			);
			runOnlyForDeploymentPostprocessing = 1;
		};
/* End PBXCopyFilesBuildPhase section */

/* Begin PBXFileReference section */
		154C8DDB1E8A6ABF0076C836 /* 706Demo */ = {isa = PBXFileReference; explicitFileType = "compiled.mach-o.executable"; includeInIndex = 0; path = 706Demo; sourceTree = BUILT_PRODUCTS_DIR; };
		154C8DDE1E8A6ABF0076C836 /* main.m */ = {isa = PBXFileReference; lastKnownFileType = sourcecode.c.objc; path = main.m; sourceTree = "<group>"; };
		154C8F8C1E8A80290076C836 /* Person.h */ = {isa = PBXFileReference; fileEncoding = 4; lastKnownFileType = sourcecode.c.h; path = Person.h; sourceTree = "<group>"; };
		154C8F8D1E8A80290076C836 /* Person.m */ = {isa = PBXFileReference; fileEncoding = 4; lastKnownFileType = sourcecode.c.objc; path = Person.m; sourceTree = "<group>"; };
		154C8F961E8A858F0076C836 /* objc.xcodeproj */ = {isa = PBXFileReference; lastKnownFileType = "wrapper.pb-project"; name = objc.xcodeproj; path = "../objc4-706-master/objc.xcodeproj"; sourceTree = "<group>"; };
/* End PBXFileReference section */

/* Begin PBXFrameworksBuildPhase section */
		154C8DD81E8A6ABF0076C836 /* Frameworks */ = {
			isa = PBXFrameworksBuildPhase;
			buildActionMask = 2147483647;
			files = (
			);
			runOnlyForDeploymentPostprocessing = 0;
		};
/* End PBXFrameworksBuildPhase section */

/* Begin PBXGroup section */
		154C8DD21E8A6ABF0076C836 = {
			isa = PBXGroup;
			children = (
				154C8F961E8A858F0076C836 /* objc.xcodeproj */,
				154C8DDD1E8A6ABF0076C836 /* 706Demo */,
				154C8DDC1E8A6ABF0076C836 /* Products */,
			);
			sourceTree = "<group>";
		};
		154C8DDC1E8A6ABF0076C836 /* Products */ = {
			isa = PBXGroup;
			children = (
				154C8DDB1E8A6ABF0076C836 /* 706Demo */,
			);
			name = Products;
			sourceTree = "<group>";
		};
		154C8DDD1E8A6ABF0076C836 /* 706Demo */ = {
			isa = PBXGroup;
			children = (
				154C8DDE1E8A6ABF0076C836 /* main.m */,
				154C8F8C1E8A80290076C836 /* Person.h */,
				154C8F8D1E8A80290076C836 /* Person.m */,
			);
			path = 706Demo;
			sourceTree = "<group>";
		};
		154C8F971E8A858F0076C836 /* Products */ = {
			isa = PBXGroup;
			children = (
				154C8F9D1E8A858F0076C836 /* libobjc.A.dylib */,
				154C8F9F1E8A858F0076C836 /* debug-objc */,
			);
			name = Products;
			sourceTree = "<group>";
		};
/* End PBXGroup section */

/* Begin PBXNativeTarget section */
		154C8DDA1E8A6ABF0076C836 /* 706Demo */ = {
			isa = PBXNativeTarget;
			buildConfigurationList = 154C8DE21E8A6ABF0076C836 /* Build configuration list for PBXNativeTarget "706Demo" */;
			buildPhases = (
				154C8DD71E8A6ABF0076C836 /* Sources */,
				154C8DD81E8A6ABF0076C836 /* Frameworks */,
				154C8DD91E8A6ABF0076C836 /* CopyFiles */,
			);
			buildRules = (
			);
			dependencies = (
				154C8FA21E8A85D50076C836 /* PBXTargetDependency */,
			);
			name = 706Demo;
			productName = 706Demo;
			productReference = 154C8DDB1E8A6ABF0076C836 /* 706Demo */;
			productType = "com.apple.product-type.tool";
		};
/* End PBXNativeTarget section */

/* Begin PBXProject section */
		154C8DD31E8A6ABF0076C836 /* Project object */ = {
			isa = PBXProject;
			attributes = {
				LastUpgradeCheck = 0820;
				ORGANIZATIONNAME = CJS__;
				TargetAttributes = {
					154C8DDA1E8A6ABF0076C836 = {
						CreatedOnToolsVersion = 8.2.1;
						ProvisioningStyle = Automatic;
					};
				};
			};
			buildConfigurationList = 154C8DD61E8A6ABF0076C836 /* Build configuration list for PBXProject "706Demo" */;
			compatibilityVersion = "Xcode 3.2";
			developmentRegion = English;
			hasScannedForEncodings = 0;
			knownRegions = (
				en,
			);
			mainGroup = 154C8DD21E8A6ABF0076C836;
			productRefGroup = 154C8DDC1E8A6ABF0076C836 /* Products */;
			projectDirPath = "";
			projectReferences = (
				{
					ProductGroup = 154C8F971E8A858F0076C836 /* Products */;
					ProjectRef = 154C8F961E8A858F0076C836 /* objc.xcodeproj */;
				},
			);
			projectRoot = "";
			targets = (
				154C8DDA1E8A6ABF0076C836 /* 706Demo */,
			);
		};
/* End PBXProject section */

/* Begin PBXReferenceProxy section */
		154C8F9D1E8A858F0076C836 /* libobjc.A.dylib */ = {
			isa = PBXReferenceProxy;
			fileType = "compiled.mach-o.dylib";
			path = libobjc.A.dylib;
			remoteRef = 154C8F9C1E8A858F0076C836 /* PBXContainerItemProxy */;
			sourceTree = BUILT_PRODUCTS_DIR;
		};
		154C8F9F1E8A858F0076C836 /* debug-objc */ = {
			isa = PBXReferenceProxy;
			fileType = "compiled.mach-o.executable";
			path = "debug-objc";
			remoteRef = 154C8F9E1E8A858F0076C836 /* PBXContainerItemProxy */;
			sourceTree = BUILT_PRODUCTS_DIR;
		};
/* End PBXReferenceProxy section */

/* Begin PBXSourcesBuildPhase section */
		154C8DD71E8A6ABF0076C836 /* Sources */ = {
			isa = PBXSourcesBuildPhase;
			buildActionMask = 2147483647;
			files = (
				154C8F8E1E8A80290076C836 /* Person.m in Sources */,
				154C8DDF1E8A6ABF0076C836 /* main.m in Sources */,
			);
			runOnlyForDeploymentPostprocessing = 0;
		};
/* End PBXSourcesBuildPhase section */

/* Begin PBXTargetDependency section */
		154C8FA21E8A85D50076C836 /* PBXTargetDependency */ = {
			isa = PBXTargetDependency;
			name = objc;
			targetProxy = 154C8FA11E8A85D50076C836 /* PBXContainerItemProxy */;
		};
/* End PBXTargetDependency section */

/* Begin XCBuildConfiguration section */
		154C8DE01E8A6ABF0076C836 /* Debug */ = {
			isa = XCBuildConfiguration;
			buildSettings = {
				ALWAYS_SEARCH_USER_PATHS = NO;
				CLANG_ANALYZER_NONNULL = YES;
				CLANG_CXX_LANGUAGE_STANDARD = "gnu++0x";
				CLANG_CXX_LIBRARY = "libc++";
				CLANG_ENABLE_MODULES = YES;
				CLANG_ENABLE_OBJC_ARC = YES;
				CLANG_WARN_BOOL_CONVERSION = YES;
				CLANG_WARN_CONSTANT_CONVERSION = YES;
				CLANG_WARN_DIRECT_OBJC_ISA_USAGE = YES_ERROR;
				CLANG_WARN_DOCUMENTATION_COMMENTS = YES;
				CLANG_WARN_EMPTY_BODY = YES;
				CLANG_WARN_ENUM_CONVERSION = YES;
				CLANG_WARN_INFINITE_RECURSION = YES;
				CLANG_WARN_INT_CONVERSION = YES;
				CLANG_WARN_OBJC_ROOT_CLASS = YES_ERROR;
				CLANG_WARN_SUSPICIOUS_MOVE = YES;
				CLANG_WARN_UNREACHABLE_CODE = YES;
				CLANG_WARN__DUPLICATE_METHOD_MATCH = YES;
				CODE_SIGN_IDENTITY = "-";
				COPY_PHASE_STRIP = NO;
				DEBUG_INFORMATION_FORMAT = dwarf;
				ENABLE_STRICT_OBJC_MSGSEND = YES;
				ENABLE_TESTABILITY = YES;
				GCC_C_LANGUAGE_STANDARD = gnu99;
				GCC_DYNAMIC_NO_PIC = NO;
				GCC_NO_COMMON_BLOCKS = YES;
				GCC_OPTIMIZATION_LEVEL = 0;
				GCC_PREPROCESSOR_DEFINITIONS = (
					"DEBUG=1",
					"$(inherited)",
				);
				GCC_WARN_64_TO_32_BIT_CONVERSION = YES;
				GCC_WARN_ABOUT_RETURN_TYPE = YES_ERROR;
				GCC_WARN_UNDECLARED_SELECTOR = YES;
				GCC_WARN_UNINITIALIZED_AUTOS = YES_AGGRESSIVE;
				GCC_WARN_UNUSED_FUNCTION = YES;
				GCC_WARN_UNUSED_VARIABLE = YES;
				MACOSX_DEPLOYMENT_TARGET = 10.12;
				MTL_ENABLE_DEBUG_INFO = YES;
				ONLY_ACTIVE_ARCH = YES;
				SDKROOT = macosx;
			};
			name = Debug;
		};
		154C8DE11E8A6ABF0076C836 /* Release */ = {
			isa = XCBuildConfiguration;
			buildSettings = {
				ALWAYS_SEARCH_USER_PATHS = NO;
				CLANG_ANALYZER_NONNULL = YES;
				CLANG_CXX_LANGUAGE_STANDARD = "gnu++0x";
				CLANG_CXX_LIBRARY = "libc++";
				CLANG_ENABLE_MODULES = YES;
				CLANG_ENABLE_OBJC_ARC = YES;
				CLANG_WARN_BOOL_CONVERSION = YES;
				CLANG_WARN_CONSTANT_CONVERSION = YES;
				CLANG_WARN_DIRECT_OBJC_ISA_USAGE = YES_ERROR;
				CLANG_WARN_DOCUMENTATION_COMMENTS = YES;
				CLANG_WARN_EMPTY_BODY = YES;
				CLANG_WARN_ENUM_CONVERSION = YES;
				CLANG_WARN_INFINITE_RECURSION = YES;
				CLANG_WARN_INT_CONVERSION = YES;
				CLANG_WARN_OBJC_ROOT_CLASS = YES_ERROR;
				CLANG_WARN_SUSPICIOUS_MOVE = YES;
				CLANG_WARN_UNREACHABLE_CODE = YES;
				CLANG_WARN__DUPLICATE_METHOD_MATCH = YES;
				CODE_SIGN_IDENTITY = "-";
				COPY_PHASE_STRIP = NO;
				DEBUG_INFORMATION_FORMAT = "dwarf-with-dsym";
				ENABLE_NS_ASSERTIONS = NO;
				ENABLE_STRICT_OBJC_MSGSEND = YES;
				GCC_C_LANGUAGE_STANDARD = gnu99;
				GCC_NO_COMMON_BLOCKS = YES;
				GCC_WARN_64_TO_32_BIT_CONVERSION = YES;
				GCC_WARN_ABOUT_RETURN_TYPE = YES_ERROR;
				GCC_WARN_UNDECLARED_SELECTOR = YES;
				GCC_WARN_UNINITIALIZED_AUTOS = YES_AGGRESSIVE;
				GCC_WARN_UNUSED_FUNCTION = YES;
				GCC_WARN_UNUSED_VARIABLE = YES;
				MACOSX_DEPLOYMENT_TARGET = 10.12;
				MTL_ENABLE_DEBUG_INFO = NO;
				SDKROOT = macosx;
			};
			name = Release;
		};
		154C8DE31E8A6ABF0076C836 /* Debug */ = {
			isa = XCBuildConfiguration;
			buildSettings = {
				PRODUCT_NAME = "$(TARGET_NAME)";
			};
			name = Debug;
		};
		154C8DE41E8A6ABF0076C836 /* Release */ = {
			isa = XCBuildConfiguration;
			buildSettings = {
				PRODUCT_NAME = "$(TARGET_NAME)";
			};
			name = Release;
		};
/* End XCBuildConfiguration section */

/* Begin XCConfigurationList section */
		154C8DD61E8A6ABF0076C836 /* Build configuration list for PBXProject "706Demo" */ = {
			isa = XCConfigurationList;
			buildConfigurations = (
				154C8DE01E8A6ABF0076C836 /* Debug */,
				154C8DE11E8A6ABF0076C836 /* Release */,
			);
			defaultConfigurationIsVisible = 0;
			defaultConfigurationName = Release;
		};
		154C8DE21E8A6ABF0076C836 /* Build configuration list for PBXNativeTarget "706Demo" */ = {
			isa = XCConfigurationList;
			buildConfigurations = (
				154C8DE31E8A6ABF0076C836 /* Debug */,
				154C8DE41E8A6ABF0076C836 /* Release */,
			);
			defaultConfigurationIsVisible = 0;
			defaultConfigurationName = Release;
		};
/* End XCConfigurationList section */
	};
	rootObject = 154C8DD31E8A6ABF0076C836 /* Project object */;
}
